{
  "name": "geminiwikipedia",
  "version": "1.0.0",
  "lockfileVersion": 1,
  "requires": true,
  "dependencies": {
    "gemini-server": {
      "version": "1.1.0",
      "resolved": "https://registry.npmjs.org/gemini-server/-/gemini-server-1.1.0.tgz",
      "integrity": "sha512-fbeD8At50moSum0lvhbpnzTO/Dnj/+8a8v/Bi7lJ156Ga644UTwZq+lagjM1xQQ41fkxDmFsez9WQLfkwayJmQ==",
      "requires": {
        "mime": "^2.4.6",
        "path-to-regexp": "^6.2.0",
        "truncate-utf8-bytes": "^1.0.2"
      }
    },
    "mime": {
      "version": "2.5.0",
      "resolved": "https://registry.npmjs.org/mime/-/mime-2.5.0.tgz",
      "integrity": "sha512-ft3WayFSFUVBuJj7BMLKAQcSlItKtfjsKDDsii3rqFDAZ7t11zRe8ASw/GlmivGwVUYtwkQrxiGGpL6gFvB0ag=="
    },
    "path-to-regexp": {
      "version": "6.2.0",
      "resolved": "https://registry.npmjs.org/path-to-regexp/-/path-to-regexp-6.2.0.tgz",
      "integrity": "sha512-f66KywYG6+43afgE/8j/GoiNyygk/bnoCbps++3ErRKsIYkGGupyv07R2Ok5m9i67Iqc+T2g1eAUGUPzWhYTyg=="
    },
    "truncate-utf8-bytes": {
      "version": "1.0.2",
      "resolved": "https://registry.npmjs.org/truncate-utf8-bytes/-/truncate-utf8-bytes-1.0.2.tgz",
      "integrity": "sha1-QFkjkJWS1W94pYGENLC3hInKXys=",
      "requires": {
        "utf8-byte-length": "^1.0.1"
      }
    },
    "utf8-byte-length": {
      "version": "1.0.4",
      "resolved": "https://registry.npmjs.org/utf8-byte-length/-/utf8-byte-length-1.0.4.tgz",
      "integrity": "sha1-9F8VDExm7uloGGUFq5P8u4rWv2E="
    },
    "wtf_wikipedia": {
      "version": "8.5.1",
      "resolved": "https://registry.npmjs.org/wtf_wikipedia/-/wtf_wikipedia-8.5.1.tgz",
      "integrity": "sha512-tvLDPsC9bGG9ABMijCCEFwPhK4678glSVX45UwXwT7KhTJgQFhn3cdm84cMOKSTag+/bRfgBG+qe9qXn3AyStw=="
    }
  }
}
